# generated by rye
# use `rye lock` or `rye sync` to update this lockfile
#
# last locked with the following flags:
#   pre: false
#   features: []
#   all-features: false
#   with-sources: false

-e file:.
acme==2.9.0
    # via hass-nabucasa
aiohttp==3.9.3
    # via aiohttp-cors
    # via aiohttp-fast-url-dispatcher
    # via aiohttp-zlib-ng
    # via hass-nabucasa
    # via homeassistant
aiohttp-cors==0.7.0
    # via homeassistant
aiohttp-fast-url-dispatcher==0.3.0
    # via homeassistant
aiohttp-zlib-ng==0.3.1
    # via homeassistant
aiooui==0.1.5
    # via bluetooth-adapters
aiosignal==1.3.1
    # via aiohttp
anyio==4.3.0
    # via httpx
astral==2.2
    # via homeassistant
astroid==3.1.0
    # via pylint
async-interrupt==1.1.1
    # via homeassistant
async-timeout==4.0.3
    # via snitun
atomicwrites-homeassistant==1.4.1
    # via hass-nabucasa
    # via homeassistant
attrs==23.2.0
    # via aiohttp
    # via hass-nabucasa
    # via homeassistant
    # via snitun
awesomeversion==24.2.0
    # via homeassistant
bcrypt==4.1.2
    # via homeassistant
bleak==0.21.1
    # via bleak-retry-connector
    # via bluetooth-adapters
    # via habluetooth
bleak-retry-connector==3.4.0
    # via habluetooth
bluetooth-adapters==0.18.0
    # via bleak-retry-connector
    # via bluetooth-auto-recovery
    # via habluetooth
bluetooth-auto-recovery==1.4.0
    # via habluetooth
bluetooth-data-tools==1.19.0
    # via habluetooth
boto3==1.34.69
    # via pycognito
botocore==1.34.69
    # via boto3
    # via s3transfer
btsocket==0.2.0
    # via bluetooth-auto-recovery
certifi==2024.2.2
    # via homeassistant
    # via httpcore
    # via httpx
    # via requests
cffi==1.16.0
    # via cryptography
cfgv==3.4.0
    # via pre-commit
charset-normalizer==3.3.2
    # via requests
ciso8601==2.3.1
    # via hass-nabucasa
    # via homeassistant
cryptography==42.0.5
    # via acme
    # via bluetooth-data-tools
    # via hass-nabucasa
    # via homeassistant
    # via josepy
    # via pyjwt
    # via pyopenssl
    # via snitun
dbus-fast==2.21.1
    # via bleak
    # via bleak-retry-connector
    # via bluetooth-adapters
dill==0.3.8
    # via pylint
distlib==0.3.8
    # via virtualenv
envs==1.4
    # via pycognito
filelock==3.13.1
    # via virtualenv
fnv-hash-fast==0.5.0
    # via homeassistant
fnvhash==0.1.0
    # via fnv-hash-fast
frozenlist==1.4.1
    # via aiohttp
    # via aiosignal
greenlet==3.0.3
    # via sqlalchemy
h11==0.14.0
    # via httpcore
habluetooth==2.4.2
    # via home-assistant-bluetooth
hass-nabucasa==0.79.0
    # via homeassistant
home-assistant-bluetooth==1.12.0
    # via homeassistant
homeassistant==2024.4.0b1
    # via spook
httpcore==1.0.4
    # via httpx
httpx==0.27.0
    # via homeassistant
identify==2.5.35
    # via pre-commit
idna==3.6
    # via anyio
    # via httpx
    # via requests
    # via yarl
ifaddr==0.2.0
    # via homeassistant
isort==5.13.2
    # via pylint
jinja2==3.1.3
    # via homeassistant
jmespath==1.0.1
    # via boto3
    # via botocore
josepy==1.14.0
    # via acme
lru-dict==1.3.0
    # via homeassistant
markupsafe==2.1.5
    # via jinja2
mccabe==0.7.0
    # via pylint
multidict==6.0.5
    # via aiohttp
    # via yarl
nodeenv==1.8.0
    # via pre-commit
orjson==3.9.15
    # via homeassistant
packaging==24.0
    # via homeassistant
pillow==10.2.0
    # via homeassistant
pip==24.0
    # via homeassistant
platformdirs==4.2.0
    # via pylint
    # via virtualenv
pre-commit==3.6.2
pre-commit-hooks==4.5.0
psutil==5.9.8
    # via psutil-home-assistant
psutil-home-assistant==0.0.1
    # via homeassistant
pycognito==2024.2.0
    # via hass-nabucasa
pycparser==2.21
    # via cffi
pyjwt==2.8.0
    # via hass-nabucasa
    # via homeassistant
    # via pycognito
pylint==3.1.0
pyopenssl==24.1.0
    # via acme
    # via homeassistant
    # via josepy
pyrfc3339==1.1
    # via acme
pyric==0.1.6.3
    # via bluetooth-auto-recovery
python-dateutil==2.9.0.post0
    # via botocore
python-slugify==8.0.4
    # via homeassistant
pytz==2024.1
    # via acme
    # via astral
    # via pyrfc3339
pyyaml==6.0.1
    # via homeassistant
    # via pre-commit
requests==2.31.0
    # via acme
    # via homeassistant
    # via pycognito
ruamel-yaml==0.18.6
    # via pre-commit-hooks
ruamel-yaml-clib==0.2.8
    # via ruamel-yaml
ruff==0.3.4
s3transfer==0.10.1
    # via boto3
setuptools==69.2.0
    # via acme
    # via nodeenv
six==1.16.0
    # via python-dateutil
sniffio==1.3.1
    # via anyio
    # via httpx
snitun==0.36.2
    # via hass-nabucasa
sqlalchemy==2.0.29
    # via homeassistant
text-unidecode==1.3
    # via python-slugify
tomlkit==0.12.4
    # via pylint
typing-extensions==4.10.0
    # via homeassistant
    # via sqlalchemy
ulid-transform==0.9.0
    # via homeassistant
urllib3==1.26.18
    # via botocore
    # via homeassistant
    # via requests
usb-devices==0.4.5
    # via bluetooth-adapters
    # via bluetooth-auto-recovery
virtualenv==20.25.1
    # via pre-commit
voluptuous==0.13.1
    # via homeassistant
    # via voluptuous-serialize
voluptuous-serialize==2.6.0
    # via homeassistant
yarl==1.9.4
    # via aiohttp
    # via homeassistant
zlib-ng==0.4.1
    # via aiohttp-zlib-ng
