{
  "name": "spook-documentation",
  "version": "1.0.0",
  "lockfileVersion": 3,
  "requires": true,
  "packages": {
    "": {
      "name": "spook-documentation",
      "version": "1.0.0",
      "license": "MIT",
      "devDependencies": {
        "mystmd": "1.11.0"
      }
    },
    "node_modules/mystmd": {
      "version": "1.11.0",
      "resolved": "https://registry.npmjs.org/mystmd/-/mystmd-1.11.0.tgz",
      "integrity": "sha512-m8dPhh3rpPdv0SrDZewZYkyf3EtcsRRQ284n8fOz/+7ouYUsXVUi1pTBOSCQzVe/JJxslY4jIgPi0OuXFJd3YA==",
      "dev": true,
      "license": "MIT",
      "bin": {
        "myst": "dist/myst.cjs"
      }
    }
  }
}
