{
  "name": "spook-documentation",
  "version": "1.0.0",
  "lockfileVersion": 3,
  "requires": true,
  "packages": {
    "": {
      "name": "spook-documentation",
      "version": "1.0.0",
      "license": "MIT",
      "devDependencies": {
        "mystmd": "1.10.1"
      }
    },
    "node_modules/mystmd": {
      "version": "1.10.1",
      "resolved": "https://registry.npmjs.org/mystmd/-/mystmd-1.10.1.tgz",
      "integrity": "sha512-nczabm7R8PmoqJVqKpaijTr1kxdwnY+hRoFC7b+NEUdxW5yZZ8n/CuJlMJKlHtG/pA4o3Ia2RP/0Ra3UPj6sFg==",
      "dev": true,
      "license": "MIT",
      "bin": {
        "myst": "dist/myst.cjs"
      }
    }
  }
}
